
Microsoft Visual Studio Solution File, Format Version 12.00
# Visual Studio 15
VisualStudioVersion = 15.0.28307.539
MinimumVisualStudioVersion = 10.0.40219.1
Project("{FAE04EC0-301F-11D3-BF4B-00C04F79EFBC}") = "LibraryProject_AspNetCoreWebApi", "LibraryProject_AspNetCoreWebApi\LibraryProject_AspNetCoreWebApi.csproj", "{0A32E28D-609A-4D9F-B699-68755C4C83B8}"
EndProject
Global
	GlobalSection(SolutionConfigurationPlatforms) = preSolution
		Debug|Any CPU = Debug|Any CPU
		Release|Any CPU = Release|Any CPU
	EndGlobalSection
	GlobalSection(ProjectConfigurationPlatforms) = postSolution
		{0A32E28D-609A-4D9F-B699-68755C4C83B8}.Debug|Any CPU.ActiveCfg = Debug|Any CPU
		{0A32E28D-609A-4D9F-B699-68755C4C83B8}.Debug|Any CPU.Build.0 = Debug|Any CPU
		{0A32E28D-609A-4D9F-B699-68755C4C83B8}.Release|Any CPU.ActiveCfg = Release|Any CPU
		{0A32E28D-609A-4D9F-B699-68755C4C83B8}.Release|Any CPU.Build.0 = Release|Any CPU
	EndGlobalSection
	GlobalSection(SolutionProperties) = preSolution
		HideSolutionNode = FALSE
	EndGlobalSection
	GlobalSection(ExtensibilityGlobals) = postSolution
		SolutionGuid = {94E68D8C-E503-472F-9362-AF2558FDB5D7}
	EndGlobalSection
EndGlobal
